{
  "name": "rocket",
  "lockfileVersion": 2,
  "requires": true,
  "packages": {
    "": {
      "dependencies": {
        "@dgcode/sites-app": "^0.1.16"
      }
    },
    "node_modules/@dgcode/sites-app": {
      "version": "0.1.16",
      "resolved": "https://registry.npmjs.org/@dgcode/sites-app/-/sites-app-0.1.16.tgz",
      "integrity": "sha512-ldC7Ie7cwr4bZb0fesQ/FyWp6NqpJAUEbABTaD/GkKo5zeh/CKuOqWo6e4xdwGEi+FnSHKOPxKOABotr8LDISQ=="
    }
  },
  "dependencies": {
    "@dgcode/sites-app": {
      "version": "0.1.16",
      "resolved": "https://registry.npmjs.org/@dgcode/sites-app/-/sites-app-0.1.16.tgz",
      "integrity": "sha512-ldC7Ie7cwr4bZb0fesQ/FyWp6NqpJAUEbABTaD/GkKo5zeh/CKuOqWo6e4xdwGEi+FnSHKOPxKOABotr8LDISQ=="
    }
  }
}
